
Microsoft Visual Studio Solution File, Format Version 12.00
# Visual Studio 14
VisualStudioVersion = 14.0.25420.1
MinimumVisualStudioVersion = 10.0.40219.1
Project("{FAE04EC0-301F-11D3-BF4B-00C04F79EFBC}") = "Additio.Configuration", "Additio.Configuration\Additio.Configuration.csproj", "{AD11B8AC-8F7C-4CE1-B6F0-12CDDC1A35C6}"
EndProject
Project("{2150E333-8FDC-42A3-9474-1A3956D46DE8}") = "Solution Items", "Solution Items", "{19A5EA93-A784-4438-BE6F-2395CF2C01D1}"
	ProjectSection(SolutionItems) = preProject
		..\.gitattributes = ..\.gitattributes
		..\.gitignore = ..\.gitignore
		..\LICENSE.md = ..\LICENSE.md
		..\README.md = ..\README.md
	EndProjectSection
EndProject
Project("{2150E333-8FDC-42A3-9474-1A3956D46DE8}") = "NuGet", "NuGet", "{6B3A3DAD-BE71-497C-AE55-C5A149E630E2}"
	ProjectSection(SolutionItems) = preProject
		..\nuget\Additio.Sitecore.DependencyConfigReader.nuspec = ..\nuget\Additio.Sitecore.DependencyConfigReader.nuspec
		..\nuget\readme.txt = ..\nuget\readme.txt
		..\nuget\web.config.install.xdt = ..\nuget\web.config.install.xdt
		..\nuget\web.config.uninstall.xdt = ..\nuget\web.config.uninstall.xdt
	EndProjectSection
EndProject
Global
	GlobalSection(SolutionConfigurationPlatforms) = preSolution
		Debug|Any CPU = Debug|Any CPU
		Release|Any CPU = Release|Any CPU
	EndGlobalSection
	GlobalSection(ProjectConfigurationPlatforms) = postSolution
		{AD11B8AC-8F7C-4CE1-B6F0-12CDDC1A35C6}.Debug|Any CPU.ActiveCfg = Debug|Any CPU
		{AD11B8AC-8F7C-4CE1-B6F0-12CDDC1A35C6}.Debug|Any CPU.Build.0 = Debug|Any CPU
		{AD11B8AC-8F7C-4CE1-B6F0-12CDDC1A35C6}.Release|Any CPU.ActiveCfg = Release|Any CPU
		{AD11B8AC-8F7C-4CE1-B6F0-12CDDC1A35C6}.Release|Any CPU.Build.0 = Release|Any CPU
	EndGlobalSection
	GlobalSection(SolutionProperties) = preSolution
		HideSolutionNode = FALSE
	EndGlobalSection
EndGlobal
